
Microsoft Visual Studio Solution File, Format Version 12.00
# Visual Studio Version 16
VisualStudioVersion = 16.0.32901.82
MinimumVisualStudioVersion = 10.0.40219.1
Project("{FAE04EC0-301F-11D3-BF4B-00C04F79EFBC}") = "ConsoleApp2", "ConsoleApp2\ConsoleApp2.csproj", "{088C3B46-AFEC-4670-BCEC-C654B706BBF5}"
EndProject
Global
	GlobalSection(SolutionConfigurationPlatforms) = preSolution
		Debug|Any CPU = Debug|Any CPU
		Release|Any CPU = Release|Any CPU
	EndGlobalSection
	GlobalSection(ProjectConfigurationPlatforms) = postSolution
		{088C3B46-AFEC-4670-BCEC-C654B706BBF5}.Debug|Any CPU.ActiveCfg = Debug|Any CPU
		{088C3B46-AFEC-4670-BCEC-C654B706BBF5}.Debug|Any CPU.Build.0 = Debug|Any CPU
		{088C3B46-AFEC-4670-BCEC-C654B706BBF5}.Release|Any CPU.ActiveCfg = Release|Any CPU
		{088C3B46-AFEC-4670-BCEC-C654B706BBF5}.Release|Any CPU.Build.0 = Release|Any CPU
	EndGlobalSection
	GlobalSection(SolutionProperties) = preSolution
		HideSolutionNode = FALSE
	EndGlobalSection
	GlobalSection(ExtensibilityGlobals) = postSolution
		SolutionGuid = {8480F68E-E31D-4F51-BA13-5F97ACE50A6D}
	EndGlobalSection
EndGlobal
